
Microsoft Visual Studio Solution File, Format Version 12.00
# Visual Studio 2013
VisualStudioVersion = 12.0.21005.1
MinimumVisualStudioVersion = 10.0.40219.1
Project("{FAE04EC0-301F-11D3-BF4B-00C04F79EFBC}") = "WindowsFormsApplication3", "WindowsFormsApplication3\WindowsFormsApplication3.csproj", "{D90E62D6-CF68-49CC-844F-4DC62A693391}"
EndProject
Project("{2150E333-8FDC-42A3-9474-1A3956D46DE8}") = ".nuget", ".nuget", "{FB72A843-99F3-4CAD-8A3D-177C719F2338}"
	ProjectSection(SolutionItems) = preProject
		.nuget\packages.config = .nuget\packages.config
	EndProjectSection
EndProject
Global
	GlobalSection(SolutionConfigurationPlatforms) = preSolution
		Debug|Any CPU = Debug|Any CPU
		Release|Any CPU = Release|Any CPU
	EndGlobalSection
	GlobalSection(ProjectConfigurationPlatforms) = postSolution
		{D90E62D6-CF68-49CC-844F-4DC62A693391}.Debug|Any CPU.ActiveCfg = Debug|Any CPU
		{D90E62D6-CF68-49CC-844F-4DC62A693391}.Debug|Any CPU.Build.0 = Debug|Any CPU
		{D90E62D6-CF68-49CC-844F-4DC62A693391}.Release|Any CPU.ActiveCfg = Release|Any CPU
		{D90E62D6-CF68-49CC-844F-4DC62A693391}.Release|Any CPU.Build.0 = Release|Any CPU
	EndGlobalSection
	GlobalSection(SolutionProperties) = preSolution
		HideSolutionNode = FALSE
	EndGlobalSection
EndGlobal
